// !$*UTF8*$!
{
	archiveVersion = 1;
	classes = {
	};
	objectVersion = 51;
	objects = {

/* Begin PBXBuildFile section */
		1949E6EF263A28700015B785 /* AppDelegate.swift in Sources */ = {isa = PBXBuildFile; fileRef = 1949E6EE263A28700015B785 /* AppDelegate.swift */; };
		1949E6F1263A28700015B785 /* SceneDelegate.swift in Sources */ = {isa = PBXBuildFile; fileRef = 1949E6F0263A28700015B785 /* SceneDelegate.swift */; };
		1949E6F6263A28700015B785 /* Main.storyboard in Resources */ = {isa = PBXBuildFile; fileRef = 1949E6F4263A28700015B785 /* Main.storyboard */; };
		1949E6F8263A28720015B785 /* Assets.xcassets in Resources */ = {isa = PBXBuildFile; fileRef = 1949E6F7263A28720015B785 /* Assets.xcassets */; };
		1949E6FB263A28720015B785 /* LaunchScreen.storyboard in Resources */ = {isa = PBXBuildFile; fileRef = 1949E6F9263A28720015B785 /* LaunchScreen.storyboard */; };
		1949E706263A28730015B785 /* ExpiryTests.swift in Sources */ = {isa = PBXBuildFile; fileRef = 1949E705263A28730015B785 /* ExpiryTests.swift */; };
		1949E711263A28730015B785 /* ExpiryUITests.swift in Sources */ = {isa = PBXBuildFile; fileRef = 1949E710263A28730015B785 /* ExpiryUITests.swift */; };
		1949E7332645F3630015B785 /* LoginViewController.swift in Sources */ = {isa = PBXBuildFile; fileRef = 1949E7322645F3630015B785 /* LoginViewController.swift */; };
		1949E73D2645F4C40015B785 /* RegisterViewController.swift in Sources */ = {isa = PBXBuildFile; fileRef = 1949E73C2645F4C40015B785 /* RegisterViewController.swift */; };
		1949E74226462C5E0015B785 /* ProfileViewController.swift in Sources */ = {isa = PBXBuildFile; fileRef = 1949E74126462C5E0015B785 /* ProfileViewController.swift */; };
		1949E75D264F574F0015B785 /* AddFoodViewController.swift in Sources */ = {isa = PBXBuildFile; fileRef = 1949E75C264F574F0015B785 /* AddFoodViewController.swift */; };
		1949E76D264F5EB10015B785 /* YourFoodViewController.swift in Sources */ = {isa = PBXBuildFile; fileRef = 1949E76C264F5EB10015B785 /* YourFoodViewController.swift */; };
		1949E772264F5EE50015B785 /* PostCell.swift in Sources */ = {isa = PBXBuildFile; fileRef = 1949E771264F5EE50015B785 /* PostCell.swift */; };
		8CF7B7D73515866F573FB2B2 /* Pods_Expiry.framework in Frameworks */ = {isa = PBXBuildFile; fileRef = 76485D51F3517E9A043F24A8 /* Pods_Expiry.framework */; };
		BB10C6DBF4082C4163FE7989 /* Pods_Expiry_ExpiryUITests.framework in Frameworks */ = {isa = PBXBuildFile; fileRef = 110495A2C4CB34A12688DEEB /* Pods_Expiry_ExpiryUITests.framework */; };
		F9AB5BFE10564ED2D28B0ACF /* Pods_ExpiryTests.framework in Frameworks */ = {isa = PBXBuildFile; fileRef = FD5B364ED6299B9548CAC357 /* Pods_ExpiryTests.framework */; };
/* End PBXBuildFile section */

/* Begin PBXContainerItemProxy section */
		1949E702263A28730015B785 /* PBXContainerItemProxy */ = {
			isa = PBXContainerItemProxy;
			containerPortal = 1949E6E3263A28700015B785 /* Project object */;
			proxyType = 1;
			remoteGlobalIDString = 1949E6EA263A28700015B785;
			remoteInfo = Expiry;
		};
		1949E70D263A28730015B785 /* PBXContainerItemProxy */ = {
			isa = PBXContainerItemProxy;
			containerPortal = 1949E6E3263A28700015B785 /* Project object */;
			proxyType = 1;
			remoteGlobalIDString = 1949E6EA263A28700015B785;
			remoteInfo = Expiry;
		};
/* End PBXContainerItemProxy section */

/* Begin PBXFileReference section */
		110495A2C4CB34A12688DEEB /* Pods_Expiry_ExpiryUITests.framework */ = {isa = PBXFileReference; explicitFileType = wrapper.framework; includeInIndex = 0; path = Pods_Expiry_ExpiryUITests.framework; sourceTree = BUILT_PRODUCTS_DIR; };
		11EEF0193F2CE3B4AD0CA745 /* Pods-ExpiryTests.debug.xcconfig */ = {isa = PBXFileReference; includeInIndex = 1; lastKnownFileType = text.xcconfig; name = "Pods-ExpiryTests.debug.xcconfig"; path = "Target Support Files/Pods-ExpiryTests/Pods-ExpiryTests.debug.xcconfig"; sourceTree = "<group>"; };
		1949E6EB263A28700015B785 /* Expiry.app */ = {isa = PBXFileReference; explicitFileType = wrapper.application; includeInIndex = 0; path = Expiry.app; sourceTree = BUILT_PRODUCTS_DIR; };
		1949E6EE263A28700015B785 /* AppDelegate.swift */ = {isa = PBXFileReference; lastKnownFileType = sourcecode.swift; path = AppDelegate.swift; sourceTree = "<group>"; };
		1949E6F0263A28700015B785 /* SceneDelegate.swift */ = {isa = PBXFileReference; lastKnownFileType = sourcecode.swift; path = SceneDelegate.swift; sourceTree = "<group>"; };
		1949E6F5263A28700015B785 /* Base */ = {isa = PBXFileReference; lastKnownFileType = file.storyboard; name = Base; path = Base.lproj/Main.storyboard; sourceTree = "<group>"; };
		1949E6F7263A28720015B785 /* Assets.xcassets */ = {isa = PBXFileReference; lastKnownFileType = folder.assetcatalog; path = Assets.xcassets; sourceTree = "<group>"; };
		1949E6FA263A28720015B785 /* Base */ = {isa = PBXFileReference; lastKnownFileType = file.storyboard; name = Base; path = Base.lproj/LaunchScreen.storyboard; sourceTree = "<group>"; };
		1949E6FC263A28720015B785 /* Info.plist */ = {isa = PBXFileReference; lastKnownFileType = text.plist.xml; path = Info.plist; sourceTree = "<group>"; };
		1949E701263A28730015B785 /* ExpiryTests.xctest */ = {isa = PBXFileReference; explicitFileType = wrapper.cfbundle; includeInIndex = 0; path = ExpiryTests.xctest; sourceTree = BUILT_PRODUCTS_DIR; };
		1949E705263A28730015B785 /* ExpiryTests.swift */ = {isa = PBXFileReference; lastKnownFileType = sourcecode.swift; path = ExpiryTests.swift; sourceTree = "<group>"; };
		1949E707263A28730015B785 /* Info.plist */ = {isa = PBXFileReference; lastKnownFileType = text.plist.xml; path = Info.plist; sourceTree = "<group>"; };
		1949E70C263A28730015B785 /* ExpiryUITests.xctest */ = {isa = PBXFileReference; explicitFileType = wrapper.cfbundle; includeInIndex = 0; path = ExpiryUITests.xctest; sourceTree = BUILT_PRODUCTS_DIR; };
		1949E710263A28730015B785 /* ExpiryUITests.swift */ = {isa = PBXFileReference; lastKnownFileType = sourcecode.swift; path = ExpiryUITests.swift; sourceTree = "<group>"; };
		1949E712263A28730015B785 /* Info.plist */ = {isa = PBXFileReference; lastKnownFileType = text.plist.xml; path = Info.plist; sourceTree = "<group>"; };
		1949E7322645F3630015B785 /* LoginViewController.swift */ = {isa = PBXFileReference; lastKnownFileType = sourcecode.swift; path = LoginViewController.swift; sourceTree = "<group>"; };
		1949E73C2645F4C40015B785 /* RegisterViewController.swift */ = {isa = PBXFileReference; lastKnownFileType = sourcecode.swift; path = RegisterViewController.swift; sourceTree = "<group>"; };
		1949E74126462C5E0015B785 /* ProfileViewController.swift */ = {isa = PBXFileReference; lastKnownFileType = sourcecode.swift; path = ProfileViewController.swift; sourceTree = "<group>"; };
		1949E75C264F574F0015B785 /* AddFoodViewController.swift */ = {isa = PBXFileReference; lastKnownFileType = sourcecode.swift; path = AddFoodViewController.swift; sourceTree = "<group>"; };
		1949E76C264F5EB10015B785 /* YourFoodViewController.swift */ = {isa = PBXFileReference; lastKnownFileType = sourcecode.swift; path = YourFoodViewController.swift; sourceTree = "<group>"; };
		1949E771264F5EE50015B785 /* PostCell.swift */ = {isa = PBXFileReference; lastKnownFileType = sourcecode.swift; path = PostCell.swift; sourceTree = "<group>"; };
		1E90EC8FC2364C8DF1EE4C0E /* Pods-ExpiryTests.release.xcconfig */ = {isa = PBXFileReference; includeInIndex = 1; lastKnownFileType = text.xcconfig; name = "Pods-ExpiryTests.release.xcconfig"; path = "Target Support Files/Pods-ExpiryTests/Pods-ExpiryTests.release.xcconfig"; sourceTree = "<group>"; };
		3D84C0F35F47695453C4AB14 /* Pods-Expiry.release.xcconfig */ = {isa = PBXFileReference; includeInIndex = 1; lastKnownFileType = text.xcconfig; name = "Pods-Expiry.release.xcconfig"; path = "Target Support Files/Pods-Expiry/Pods-Expiry.release.xcconfig"; sourceTree = "<group>"; };
		72F22A17BE5429073D4A1F26 /* Pods-Expiry.debug.xcconfig */ = {isa = PBXFileReference; includeInIndex = 1; lastKnownFileType = text.xcconfig; name = "Pods-Expiry.debug.xcconfig"; path = "Target Support Files/Pods-Expiry/Pods-Expiry.debug.xcconfig"; sourceTree = "<group>"; };
		76485D51F3517E9A043F24A8 /* Pods_Expiry.framework */ = {isa = PBXFileReference; explicitFileType = wrapper.framework; includeInIndex = 0; path = Pods_Expiry.framework; sourceTree = BUILT_PRODUCTS_DIR; };
		9757CD7019EFEE22154BD1E4 /* Pods-Expiry-ExpiryUITests.release.xcconfig */ = {isa = PBXFileReference; includeInIndex = 1; lastKnownFileType = text.xcconfig; name = "Pods-Expiry-ExpiryUITests.release.xcconfig"; path = "Target Support Files/Pods-Expiry-ExpiryUITests/Pods-Expiry-ExpiryUITests.release.xcconfig"; sourceTree = "<group>"; };
		E92C631B650CE468B58B9424 /* Pods-Expiry-ExpiryUITests.debug.xcconfig */ = {isa = PBXFileReference; includeInIndex = 1; lastKnownFileType = text.xcconfig; name = "Pods-Expiry-ExpiryUITests.debug.xcconfig"; path = "Target Support Files/Pods-Expiry-ExpiryUITests/Pods-Expiry-ExpiryUITests.debug.xcconfig"; sourceTree = "<group>"; };
		FD5B364ED6299B9548CAC357 /* Pods_ExpiryTests.framework */ = {isa = PBXFileReference; explicitFileType = wrapper.framework; includeInIndex = 0; path = Pods_ExpiryTests.framework; sourceTree = BUILT_PRODUCTS_DIR; };
/* End PBXFileReference section */

/* Begin PBXFrameworksBuildPhase section */
		1949E6E8263A28700015B785 /* Frameworks */ = {
			isa = PBXFrameworksBuildPhase;
			buildActionMask = 2147483647;
			files = (
				8CF7B7D73515866F573FB2B2 /* Pods_Expiry.framework in Frameworks */,
			);
			runOnlyForDeploymentPostprocessing = 0;
		};
		1949E6FE263A28730015B785 /* Frameworks */ = {
			isa = PBXFrameworksBuildPhase;
			buildActionMask = 2147483647;
			files = (
				F9AB5BFE10564ED2D28B0ACF /* Pods_ExpiryTests.framework in Frameworks */,
			);
			runOnlyForDeploymentPostprocessing = 0;
		};
		1949E709263A28730015B785 /* Frameworks */ = {
			isa = PBXFrameworksBuildPhase;
			buildActionMask = 2147483647;
			files = (
				BB10C6DBF4082C4163FE7989 /* Pods_Expiry_ExpiryUITests.framework in Frameworks */,
			);
			runOnlyForDeploymentPostprocessing = 0;
		};
/* End PBXFrameworksBuildPhase section */

/* Begin PBXGroup section */
		1949E6E2263A28700015B785 = {
			isa = PBXGroup;
			children = (
				1949E6ED263A28700015B785 /* Expiry */,
				1949E704263A28730015B785 /* ExpiryTests */,
				1949E70F263A28730015B785 /* ExpiryUITests */,
				1949E6EC263A28700015B785 /* Products */,
				84CA2918370F225049AB3B93 /* Pods */,
				F06E84AF4F710C9F9936DC53 /* Frameworks */,
			);
			sourceTree = "<group>";
		};
		1949E6EC263A28700015B785 /* Products */ = {
			isa = PBXGroup;
			children = (
				1949E6EB263A28700015B785 /* Expiry.app */,
				1949E701263A28730015B785 /* ExpiryTests.xctest */,
				1949E70C263A28730015B785 /* ExpiryUITests.xctest */,
			);
			name = Products;
			sourceTree = "<group>";
		};
		1949E6ED263A28700015B785 /* Expiry */ = {
			isa = PBXGroup;
			children = (
				1949E6EE263A28700015B785 /* AppDelegate.swift */,
				1949E6F0263A28700015B785 /* SceneDelegate.swift */,
				1949E6F4263A28700015B785 /* Main.storyboard */,
				1949E6F7263A28720015B785 /* Assets.xcassets */,
				1949E6F9263A28720015B785 /* LaunchScreen.storyboard */,
				1949E6FC263A28720015B785 /* Info.plist */,
				1949E7322645F3630015B785 /* LoginViewController.swift */,
				1949E73C2645F4C40015B785 /* RegisterViewController.swift */,
				1949E74126462C5E0015B785 /* ProfileViewController.swift */,
				1949E75C264F574F0015B785 /* AddFoodViewController.swift */,
				1949E76C264F5EB10015B785 /* YourFoodViewController.swift */,
				1949E771264F5EE50015B785 /* PostCell.swift */,
			);
			path = Expiry;
			sourceTree = "<group>";
		};
		1949E704263A28730015B785 /* ExpiryTests */ = {
			isa = PBXGroup;
			children = (
				1949E705263A28730015B785 /* ExpiryTests.swift */,
				1949E707263A28730015B785 /* Info.plist */,
			);
			path = ExpiryTests;
			sourceTree = "<group>";
		};
		1949E70F263A28730015B785 /* ExpiryUITests */ = {
			isa = PBXGroup;
			children = (
				1949E710263A28730015B785 /* ExpiryUITests.swift */,
				1949E712263A28730015B785 /* Info.plist */,
			);
			path = ExpiryUITests;
			sourceTree = "<group>";
		};
		84CA2918370F225049AB3B93 /* Pods */ = {
			isa = PBXGroup;
			children = (
				72F22A17BE5429073D4A1F26 /* Pods-Expiry.debug.xcconfig */,
				3D84C0F35F47695453C4AB14 /* Pods-Expiry.release.xcconfig */,
				E92C631B650CE468B58B9424 /* Pods-Expiry-ExpiryUITests.debug.xcconfig */,
				9757CD7019EFEE22154BD1E4 /* Pods-Expiry-ExpiryUITests.release.xcconfig */,
				11EEF0193F2CE3B4AD0CA745 /* Pods-ExpiryTests.debug.xcconfig */,
				1E90EC8FC2364C8DF1EE4C0E /* Pods-ExpiryTests.release.xcconfig */,
			);
			path = Pods;
			sourceTree = "<group>";
		};
		F06E84AF4F710C9F9936DC53 /* Frameworks */ = {
			isa = PBXGroup;
			children = (
				76485D51F3517E9A043F24A8 /* Pods_Expiry.framework */,
				110495A2C4CB34A12688DEEB /* Pods_Expiry_ExpiryUITests.framework */,
				FD5B364ED6299B9548CAC357 /* Pods_ExpiryTests.framework */,
			);
			name = Frameworks;
			sourceTree = "<group>";
		};
/* End PBXGroup section */

/* Begin PBXNativeTarget section */
		1949E6EA263A28700015B785 /* Expiry */ = {
			isa = PBXNativeTarget;
			buildConfigurationList = 1949E715263A28730015B785 /* Build configuration list for PBXNativeTarget "Expiry" */;
			buildPhases = (
				18014C3AEB690D3C0840DA53 /* [CP] Check Pods Manifest.lock */,
				1949E6E7263A28700015B785 /* Sources */,
				1949E6E8263A28700015B785 /* Frameworks */,
				1949E6E9263A28700015B785 /* Resources */,
				AD2466F8EC2589A95FF1AB1B /* [CP] Embed Pods Frameworks */,
			);
			buildRules = (
			);
			dependencies = (
			);
			name = Expiry;
			productName = Expiry;
			productReference = 1949E6EB263A28700015B785 /* Expiry.app */;
			productType = "com.apple.product-type.application";
		};
		1949E700263A28730015B785 /* ExpiryTests */ = {
			isa = PBXNativeTarget;
			buildConfigurationList = 1949E718263A28730015B785 /* Build configuration list for PBXNativeTarget "ExpiryTests" */;
			buildPhases = (
				E9D3FB323262DEE26304D19D /* [CP] Check Pods Manifest.lock */,
				1949E6FD263A28730015B785 /* Sources */,
				1949E6FE263A28730015B785 /* Frameworks */,
				1949E6FF263A28730015B785 /* Resources */,
			);
			buildRules = (
			);
			dependencies = (
				1949E703263A28730015B785 /* PBXTargetDependency */,
			);
			name = ExpiryTests;
			productName = ExpiryTests;
			productReference = 1949E701263A28730015B785 /* ExpiryTests.xctest */;
			productType = "com.apple.product-type.bundle.unit-test";
		};
		1949E70B263A28730015B785 /* ExpiryUITests */ = {
			isa = PBXNativeTarget;
			buildConfigurationList = 1949E71B263A28730015B785 /* Build configuration list for PBXNativeTarget "ExpiryUITests" */;
			buildPhases = (
				6E7DA38062DA9757A74916A2 /* [CP] Check Pods Manifest.lock */,
				1949E708263A28730015B785 /* Sources */,
				1949E709263A28730015B785 /* Frameworks */,
				1949E70A263A28730015B785 /* Resources */,
				F160BAD552C74595C84EBB3D /* [CP] Embed Pods Frameworks */,
			);
			buildRules = (
			);
			dependencies = (
				1949E70E263A28730015B785 /* PBXTargetDependency */,
			);
			name = ExpiryUITests;
			productName = ExpiryUITests;
			productReference = 1949E70C263A28730015B785 /* ExpiryUITests.xctest */;
			productType = "com.apple.product-type.bundle.ui-testing";
		};
/* End PBXNativeTarget section */

/* Begin PBXProject section */
		1949E6E3263A28700015B785 /* Project object */ = {
			isa = PBXProject;
			attributes = {
				LastSwiftUpdateCheck = 1240;
				LastUpgradeCheck = 1240;
				TargetAttributes = {
					1949E6EA263A28700015B785 = {
						CreatedOnToolsVersion = 12.4;
					};
					1949E700263A28730015B785 = {
						CreatedOnToolsVersion = 12.4;
						TestTargetID = 1949E6EA263A28700015B785;
					};
					1949E70B263A28730015B785 = {
						CreatedOnToolsVersion = 12.4;
						TestTargetID = 1949E6EA263A28700015B785;
					};
				};
			};
			buildConfigurationList = 1949E6E6263A28700015B785 /* Build configuration list for PBXProject "Expiry" */;
			compatibilityVersion = "Xcode 9.3";
			developmentRegion = en;
			hasScannedForEncodings = 0;
			knownRegions = (
				en,
				Base,
			);
			mainGroup = 1949E6E2263A28700015B785;
			productRefGroup = 1949E6EC263A28700015B785 /* Products */;
			projectDirPath = "";
			projectRoot = "";
			targets = (
				1949E6EA263A28700015B785 /* Expiry */,
				1949E700263A28730015B785 /* ExpiryTests */,
				1949E70B263A28730015B785 /* ExpiryUITests */,
			);
		};
/* End PBXProject section */

/* Begin PBXResourcesBuildPhase section */
		1949E6E9263A28700015B785 /* Resources */ = {
			isa = PBXResourcesBuildPhase;
			buildActionMask = 2147483647;
			files = (
				1949E6FB263A28720015B785 /* LaunchScreen.storyboard in Resources */,
				1949E6F8263A28720015B785 /* Assets.xcassets in Resources */,
				1949E6F6263A28700015B785 /* Main.storyboard in Resources */,
			);
			runOnlyForDeploymentPostprocessing = 0;
		};
		1949E6FF263A28730015B785 /* Resources */ = {
			isa = PBXResourcesBuildPhase;
			buildActionMask = 2147483647;
			files = (
			);
			runOnlyForDeploymentPostprocessing = 0;
		};
		1949E70A263A28730015B785 /* Resources */ = {
			isa = PBXResourcesBuildPhase;
			buildActionMask = 2147483647;
			files = (
			);
			runOnlyForDeploymentPostprocessing = 0;
		};
/* End PBXResourcesBuildPhase section */

/* Begin PBXShellScriptBuildPhase section */
		18014C3AEB690D3C0840DA53 /* [CP] Check Pods Manifest.lock */ = {
			isa = PBXShellScriptBuildPhase;
			buildActionMask = 2147483647;
			files = (
			);
			inputFileListPaths = (
			);
			inputPaths = (
				"${PODS_PODFILE_DIR_PATH}/Podfile.lock",
				"${PODS_ROOT}/Manifest.lock",
			);
			name = "[CP] Check Pods Manifest.lock";
			outputFileListPaths = (
			);
			outputPaths = (
				"$(DERIVED_FILE_DIR)/Pods-Expiry-checkManifestLockResult.txt",
			);
			runOnlyForDeploymentPostprocessing = 0;
			shellPath = /bin/sh;
			shellScript = "diff \"${PODS_PODFILE_DIR_PATH}/Podfile.lock\" \"${PODS_ROOT}/Manifest.lock\" > /dev/null\nif [ $? != 0 ] ; then\n    # print error to STDERR\n    echo \"error: The sandbox is not in sync with the Podfile.lock. Run 'pod install' or update your CocoaPods installation.\" >&2\n    exit 1\nfi\n# This output is used by Xcode 'outputs' to avoid re-running this script phase.\necho \"SUCCESS\" > \"${SCRIPT_OUTPUT_FILE_0}\"\n";
			showEnvVarsInLog = 0;
		};
		6E7DA38062DA9757A74916A2 /* [CP] Check Pods Manifest.lock */ = {
			isa = PBXShellScriptBuildPhase;
			buildActionMask = 2147483647;
			files = (
			);
			inputFileListPaths = (
			);
			inputPaths = (
				"${PODS_PODFILE_DIR_PATH}/Podfile.lock",
				"${PODS_ROOT}/Manifest.lock",
			);
			name = "[CP] Check Pods Manifest.lock";
			outputFileListPaths = (
			);
			outputPaths = (
				"$(DERIVED_FILE_DIR)/Pods-Expiry-ExpiryUITests-checkManifestLockResult.txt",
			);
			runOnlyForDeploymentPostprocessing = 0;
			shellPath = /bin/sh;
			shellScript = "diff \"${PODS_PODFILE_DIR_PATH}/Podfile.lock\" \"${PODS_ROOT}/Manifest.lock\" > /dev/null\nif [ $? != 0 ] ; then\n    # print error to STDERR\n    echo \"error: The sandbox is not in sync with the Podfile.lock. Run 'pod install' or update your CocoaPods installation.\" >&2\n    exit 1\nfi\n# This output is used by Xcode 'outputs' to avoid re-running this script phase.\necho \"SUCCESS\" > \"${SCRIPT_OUTPUT_FILE_0}\"\n";
			showEnvVarsInLog = 0;
		};
		AD2466F8EC2589A95FF1AB1B /* [CP] Embed Pods Frameworks */ = {
			isa = PBXShellScriptBuildPhase;
			buildActionMask = 2147483647;
			files = (
			);
			inputFileListPaths = (
				"${PODS_ROOT}/Target Support Files/Pods-Expiry/Pods-Expiry-frameworks-${CONFIGURATION}-input-files.xcfilelist",
			);
			name = "[CP] Embed Pods Frameworks";
			outputFileListPaths = (
				"${PODS_ROOT}/Target Support Files/Pods-Expiry/Pods-Expiry-frameworks-${CONFIGURATION}-output-files.xcfilelist",
			);
			runOnlyForDeploymentPostprocessing = 0;
			shellPath = /bin/sh;
			shellScript = "\"${PODS_ROOT}/Target Support Files/Pods-Expiry/Pods-Expiry-frameworks.sh\"\n";
			showEnvVarsInLog = 0;
		};
		E9D3FB323262DEE26304D19D /* [CP] Check Pods Manifest.lock */ = {
			isa = PBXShellScriptBuildPhase;
			buildActionMask = 2147483647;
			files = (
			);
			inputFileListPaths = (
			);
			inputPaths = (
				"${PODS_PODFILE_DIR_PATH}/Podfile.lock",
				"${PODS_ROOT}/Manifest.lock",
			);
			name = "[CP] Check Pods Manifest.lock";
			outputFileListPaths = (
			);
			outputPaths = (
				"$(DERIVED_FILE_DIR)/Pods-ExpiryTests-checkManifestLockResult.txt",
			);
			runOnlyForDeploymentPostprocessing = 0;
			shellPath = /bin/sh;
			shellScript = "diff \"${PODS_PODFILE_DIR_PATH}/Podfile.lock\" \"${PODS_ROOT}/Manifest.lock\" > /dev/null\nif [ $? != 0 ] ; then\n    # print error to STDERR\n    echo \"error: The sandbox is not in sync with the Podfile.lock. Run 'pod install' or update your CocoaPods installation.\" >&2\n    exit 1\nfi\n# This output is used by Xcode 'outputs' to avoid re-running this script phase.\necho \"SUCCESS\" > \"${SCRIPT_OUTPUT_FILE_0}\"\n";
			showEnvVarsInLog = 0;
		};
		F160BAD552C74595C84EBB3D /* [CP] Embed Pods Frameworks */ = {
			isa = PBXShellScriptBuildPhase;
			buildActionMask = 2147483647;
			files = (
			);
			inputFileListPaths = (
				"${PODS_ROOT}/Target Support Files/Pods-Expiry-ExpiryUITests/Pods-Expiry-ExpiryUITests-frameworks-${CONFIGURATION}-input-files.xcfilelist",
			);
			name = "[CP] Embed Pods Frameworks";
			outputFileListPaths = (
				"${PODS_ROOT}/Target Support Files/Pods-Expiry-ExpiryUITests/Pods-Expiry-ExpiryUITests-frameworks-${CONFIGURATION}-output-files.xcfilelist",
			);
			runOnlyForDeploymentPostprocessing = 0;
			shellPath = /bin/sh;
			shellScript = "\"${PODS_ROOT}/Target Support Files/Pods-Expiry-ExpiryUITests/Pods-Expiry-ExpiryUITests-frameworks.sh\"\n";
			showEnvVarsInLog = 0;
		};
/* End PBXShellScriptBuildPhase section */

/* Begin PBXSourcesBuildPhase section */
		1949E6E7263A28700015B785 /* Sources */ = {
			isa = PBXSourcesBuildPhase;
			buildActionMask = 2147483647;
			files = (
				1949E75D264F574F0015B785 /* AddFoodViewController.swift in Sources */,
				1949E76D264F5EB10015B785 /* YourFoodViewController.swift in Sources */,
				1949E7332645F3630015B785 /* LoginViewController.swift in Sources */,
				1949E73D2645F4C40015B785 /* RegisterViewController.swift in Sources */,
				1949E6EF263A28700015B785 /* AppDelegate.swift in Sources */,
				1949E6F1263A28700015B785 /* SceneDelegate.swift in Sources */,
				1949E74226462C5E0015B785 /* ProfileViewController.swift in Sources */,
				1949E772264F5EE50015B785 /* PostCell.swift in Sources */,
			);
			runOnlyForDeploymentPostprocessing = 0;
		};
		1949E6FD263A28730015B785 /* Sources */ = {
			isa = PBXSourcesBuildPhase;
			buildActionMask = 2147483647;
			files = (
				1949E706263A28730015B785 /* ExpiryTests.swift in Sources */,
			);
			runOnlyForDeploymentPostprocessing = 0;
		};
		1949E708263A28730015B785 /* Sources */ = {
			isa = PBXSourcesBuildPhase;
			buildActionMask = 2147483647;
			files = (
				1949E711263A28730015B785 /* ExpiryUITests.swift in Sources */,
			);
			runOnlyForDeploymentPostprocessing = 0;
		};
/* End PBXSourcesBuildPhase section */

/* Begin PBXTargetDependency section */
		1949E703263A28730015B785 /* PBXTargetDependency */ = {
			isa = PBXTargetDependency;
			target = 1949E6EA263A28700015B785 /* Expiry */;
			targetProxy = 1949E702263A28730015B785 /* PBXContainerItemProxy */;
		};
		1949E70E263A28730015B785 /* PBXTargetDependency */ = {
			isa = PBXTargetDependency;
			target = 1949E6EA263A28700015B785 /* Expiry */;
			targetProxy = 1949E70D263A28730015B785 /* PBXContainerItemProxy */;
		};
/* End PBXTargetDependency section */

/* Begin PBXVariantGroup section */
		1949E6F4263A28700015B785 /* Main.storyboard */ = {
			isa = PBXVariantGroup;
			children = (
				1949E6F5263A28700015B785 /* Base */,
			);
			name = Main.storyboard;
			sourceTree = "<group>";
		};
		1949E6F9263A28720015B785 /* LaunchScreen.storyboard */ = {
			isa = PBXVariantGroup;
			children = (
				1949E6FA263A28720015B785 /* Base */,
			);
			name = LaunchScreen.storyboard;
			sourceTree = "<group>";
		};
/* End PBXVariantGroup section */

/* Begin XCBuildConfiguration section */
		1949E713263A28730015B785 /* Debug */ = {
			isa = XCBuildConfiguration;
			buildSettings = {
				ALWAYS_SEARCH_USER_PATHS = NO;
				CLANG_ANALYZER_NONNULL = YES;
				CLANG_ANALYZER_NUMBER_OBJECT_CONVERSION = YES_AGGRESSIVE;
				CLANG_CXX_LANGUAGE_STANDARD = "gnu++14";
				CLANG_CXX_LIBRARY = "libc++";
				CLANG_ENABLE_MODULES = YES;
				CLANG_ENABLE_OBJC_ARC = YES;
				CLANG_ENABLE_OBJC_WEAK = YES;
				CLANG_WARN_BLOCK_CAPTURE_AUTORELEASING = YES;
				CLANG_WARN_BOOL_CONVERSION = YES;
				CLANG_WARN_COMMA = YES;
				CLANG_WARN_CONSTANT_CONVERSION = YES;
				CLANG_WARN_DEPRECATED_OBJC_IMPLEMENTATIONS = YES;
				CLANG_WARN_DIRECT_OBJC_ISA_USAGE = YES_ERROR;
				CLANG_WARN_DOCUMENTATION_COMMENTS = YES;
				CLANG_WARN_EMPTY_BODY = YES;
				CLANG_WARN_ENUM_CONVERSION = YES;
				CLANG_WARN_INFINITE_RECURSION = YES;
				CLANG_WARN_INT_CONVERSION = YES;
				CLANG_WARN_NON_LITERAL_NULL_CONVERSION = YES;
				CLANG_WARN_OBJC_IMPLICIT_RETAIN_SELF = YES;
				CLANG_WARN_OBJC_LITERAL_CONVERSION = YES;
				CLANG_WARN_OBJC_ROOT_CLASS = YES_ERROR;
				CLANG_WARN_QUOTED_INCLUDE_IN_FRAMEWORK_HEADER = YES;
				CLANG_WARN_RANGE_LOOP_ANALYSIS = YES;
				CLANG_WARN_STRICT_PROTOTYPES = YES;
				CLANG_WARN_SUSPICIOUS_MOVE = YES;
				CLANG_WARN_UNGUARDED_AVAILABILITY = YES_AGGRESSIVE;
				CLANG_WARN_UNREACHABLE_CODE = YES;
				CLANG_WARN__DUPLICATE_METHOD_MATCH = YES;
				COPY_PHASE_STRIP = NO;
				DEBUG_INFORMATION_FORMAT = dwarf;
				ENABLE_STRICT_OBJC_MSGSEND = YES;
				ENABLE_TESTABILITY = YES;
				GCC_C_LANGUAGE_STANDARD = gnu11;
				GCC_DYNAMIC_NO_PIC = NO;
				GCC_NO_COMMON_BLOCKS = YES;
				GCC_OPTIMIZATION_LEVEL = 0;
				GCC_PREPROCESSOR_DEFINITIONS = (
					"DEBUG=1",
					"$(inherited)",
				);
				GCC_WARN_64_TO_32_BIT_CONVERSION = YES;
				GCC_WARN_ABOUT_RETURN_TYPE = YES_ERROR;
				GCC_WARN_UNDECLARED_SELECTOR = YES;
				GCC_WARN_UNINITIALIZED_AUTOS = YES_AGGRESSIVE;
				GCC_WARN_UNUSED_FUNCTION = YES;
				GCC_WARN_UNUSED_VARIABLE = YES;
				IPHONEOS_DEPLOYMENT_TARGET = 14.4;
				MTL_ENABLE_DEBUG_INFO = INCLUDE_SOURCE;
				MTL_FAST_MATH = YES;
				ONLY_ACTIVE_ARCH = YES;
				SDKROOT = iphoneos;
				SWIFT_ACTIVE_COMPILATION_CONDITIONS = DEBUG;
				SWIFT_OPTIMIZATION_LEVEL = "-Onone";
			};
			name = Debug;
		};
		1949E714263A28730015B785 /* Release */ = {
			isa = XCBuildConfiguration;
			buildSettings = {
				ALWAYS_SEARCH_USER_PATHS = NO;
				CLANG_ANALYZER_NONNULL = YES;
				CLANG_ANALYZER_NUMBER_OBJECT_CONVERSION = YES_AGGRESSIVE;
				CLANG_CXX_LANGUAGE_STANDARD = "gnu++14";
				CLANG_CXX_LIBRARY = "libc++";
				CLANG_ENABLE_MODULES = YES;
				CLANG_ENABLE_OBJC_ARC = YES;
				CLANG_ENABLE_OBJC_WEAK = YES;
				CLANG_WARN_BLOCK_CAPTURE_AUTORELEASING = YES;
				CLANG_WARN_BOOL_CONVERSION = YES;
				CLANG_WARN_COMMA = YES;
				CLANG_WARN_CONSTANT_CONVERSION = YES;
				CLANG_WARN_DEPRECATED_OBJC_IMPLEMENTATIONS = YES;
				CLANG_WARN_DIRECT_OBJC_ISA_USAGE = YES_ERROR;
				CLANG_WARN_DOCUMENTATION_COMMENTS = YES;
				CLANG_WARN_EMPTY_BODY = YES;
				CLANG_WARN_ENUM_CONVERSION = YES;
				CLANG_WARN_INFINITE_RECURSION = YES;
				CLANG_WARN_INT_CONVERSION = YES;
				CLANG_WARN_NON_LITERAL_NULL_CONVERSION = YES;
				CLANG_WARN_OBJC_IMPLICIT_RETAIN_SELF = YES;
				CLANG_WARN_OBJC_LITERAL_CONVERSION = YES;
				CLANG_WARN_OBJC_ROOT_CLASS = YES_ERROR;
				CLANG_WARN_QUOTED_INCLUDE_IN_FRAMEWORK_HEADER = YES;
				CLANG_WARN_RANGE_LOOP_ANALYSIS = YES;
				CLANG_WARN_STRICT_PROTOTYPES = YES;
				CLANG_WARN_SUSPICIOUS_MOVE = YES;
				CLANG_WARN_UNGUARDED_AVAILABILITY = YES_AGGRESSIVE;
				CLANG_WARN_UNREACHABLE_CODE = YES;
				CLANG_WARN__DUPLICATE_METHOD_MATCH = YES;
				COPY_PHASE_STRIP = NO;
				DEBUG_INFORMATION_FORMAT = "dwarf-with-dsym";
				ENABLE_NS_ASSERTIONS = NO;
				ENABLE_STRICT_OBJC_MSGSEND = YES;
				GCC_C_LANGUAGE_STANDARD = gnu11;
				GCC_NO_COMMON_BLOCKS = YES;
				GCC_WARN_64_TO_32_BIT_CONVERSION = YES;
				GCC_WARN_ABOUT_RETURN_TYPE = YES_ERROR;
				GCC_WARN_UNDECLARED_SELECTOR = YES;
				GCC_WARN_UNINITIALIZED_AUTOS = YES_AGGRESSIVE;
				GCC_WARN_UNUSED_FUNCTION = YES;
				GCC_WARN_UNUSED_VARIABLE = YES;
				IPHONEOS_DEPLOYMENT_TARGET = 14.4;
				MTL_ENABLE_DEBUG_INFO = NO;
				MTL_FAST_MATH = YES;
				SDKROOT = iphoneos;
				SWIFT_COMPILATION_MODE = wholemodule;
				SWIFT_OPTIMIZATION_LEVEL = "-O";
				VALIDATE_PRODUCT = YES;
			};
			name = Release;
		};
		1949E716263A28730015B785 /* Debug */ = {
			isa = XCBuildConfiguration;
			baseConfigurationReference = 72F22A17BE5429073D4A1F26 /* Pods-Expiry.debug.xcconfig */;
			buildSettings = {
				ASSETCATALOG_COMPILER_APPICON_NAME = AppIcon;
				ASSETCATALOG_COMPILER_GLOBAL_ACCENT_COLOR_NAME = AccentColor;
				CODE_SIGN_STYLE = Automatic;
				INFOPLIST_FILE = Expiry/Info.plist;
				LD_RUNPATH_SEARCH_PATHS = (
					"$(inherited)",
					"@executable_path/Frameworks",
				);
				PRODUCT_BUNDLE_IDENTIFIER = sachin.Expiry;
				PRODUCT_NAME = "$(TARGET_NAME)";
				SWIFT_VERSION = 5.0;
				TARGETED_DEVICE_FAMILY = "1,2";
			};
			name = Debug;
		};
		1949E717263A28730015B785 /* Release */ = {
			isa = XCBuildConfiguration;
			baseConfigurationReference = 3D84C0F35F47695453C4AB14 /* Pods-Expiry.release.xcconfig */;
			buildSettings = {
				ASSETCATALOG_COMPILER_APPICON_NAME = AppIcon;
				ASSETCATALOG_COMPILER_GLOBAL_ACCENT_COLOR_NAME = AccentColor;
				CODE_SIGN_STYLE = Automatic;
				INFOPLIST_FILE = Expiry/Info.plist;
				LD_RUNPATH_SEARCH_PATHS = (
					"$(inherited)",
					"@executable_path/Frameworks",
				);
				PRODUCT_BUNDLE_IDENTIFIER = sachin.Expiry;
				PRODUCT_NAME = "$(TARGET_NAME)";
				SWIFT_VERSION = 5.0;
				TARGETED_DEVICE_FAMILY = "1,2";
			};
			name = Release;
		};
		1949E719263A28730015B785 /* Debug */ = {
			isa = XCBuildConfiguration;
			baseConfigurationReference = 11EEF0193F2CE3B4AD0CA745 /* Pods-ExpiryTests.debug.xcconfig */;
			buildSettings = {
				ALWAYS_EMBED_SWIFT_STANDARD_LIBRARIES = YES;
				BUNDLE_LOADER = "$(TEST_HOST)";
				CODE_SIGN_STYLE = Automatic;
				INFOPLIST_FILE = ExpiryTests/Info.plist;
				IPHONEOS_DEPLOYMENT_TARGET = 14.4;
				LD_RUNPATH_SEARCH_PATHS = (
					"$(inherited)",
					"@executable_path/Frameworks",
					"@loader_path/Frameworks",
				);
				PRODUCT_BUNDLE_IDENTIFIER = sachin.ExpiryTests;
				PRODUCT_NAME = "$(TARGET_NAME)";
				SWIFT_VERSION = 5.0;
				TARGETED_DEVICE_FAMILY = "1,2";
				TEST_HOST = "$(BUILT_PRODUCTS_DIR)/Expiry.app/Expiry";
			};
			name = Debug;
		};
		1949E71A263A28730015B785 /* Release */ = {
			isa = XCBuildConfiguration;
			baseConfigurationReference = 1E90EC8FC2364C8DF1EE4C0E /* Pods-ExpiryTests.release.xcconfig */;
			buildSettings = {
				ALWAYS_EMBED_SWIFT_STANDARD_LIBRARIES = YES;
				BUNDLE_LOADER = "$(TEST_HOST)";
				CODE_SIGN_STYLE = Automatic;
				INFOPLIST_FILE = ExpiryTests/Info.plist;
				IPHONEOS_DEPLOYMENT_TARGET = 14.4;
				LD_RUNPATH_SEARCH_PATHS = (
					"$(inherited)",
					"@executable_path/Frameworks",
					"@loader_path/Frameworks",
				);
				PRODUCT_BUNDLE_IDENTIFIER = sachin.ExpiryTests;
				PRODUCT_NAME = "$(TARGET_NAME)";
				SWIFT_VERSION = 5.0;
				TARGETED_DEVICE_FAMILY = "1,2";
				TEST_HOST = "$(BUILT_PRODUCTS_DIR)/Expiry.app/Expiry";
			};
			name = Release;
		};
		1949E71C263A28730015B785 /* Debug */ = {
			isa = XCBuildConfiguration;
			baseConfigurationReference = E92C631B650CE468B58B9424 /* Pods-Expiry-ExpiryUITests.debug.xcconfig */;
			buildSettings = {
				ALWAYS_EMBED_SWIFT_STANDARD_LIBRARIES = YES;
				CODE_SIGN_STYLE = Automatic;
				INFOPLIST_FILE = ExpiryUITests/Info.plist;
				LD_RUNPATH_SEARCH_PATHS = (
					"$(inherited)",
					"@executable_path/Frameworks",
					"@loader_path/Frameworks",
				);
				PRODUCT_BUNDLE_IDENTIFIER = sachin.ExpiryUITests;
				PRODUCT_NAME = "$(TARGET_NAME)";
				SWIFT_VERSION = 5.0;
				TARGETED_DEVICE_FAMILY = "1,2";
				TEST_TARGET_NAME = Expiry;
			};
			name = Debug;
		};
		1949E71D263A28730015B785 /* Release */ = {
			isa = XCBuildConfiguration;
			baseConfigurationReference = 9757CD7019EFEE22154BD1E4 /* Pods-Expiry-ExpiryUITests.release.xcconfig */;
			buildSettings = {
				ALWAYS_EMBED_SWIFT_STANDARD_LIBRARIES = YES;
				CODE_SIGN_STYLE = Automatic;
				INFOPLIST_FILE = ExpiryUITests/Info.plist;
				LD_RUNPATH_SEARCH_PATHS = (
					"$(inherited)",
					"@executable_path/Frameworks",
					"@loader_path/Frameworks",
				);
				PRODUCT_BUNDLE_IDENTIFIER = sachin.ExpiryUITests;
				PRODUCT_NAME = "$(TARGET_NAME)";
				SWIFT_VERSION = 5.0;
				TARGETED_DEVICE_FAMILY = "1,2";
				TEST_TARGET_NAME = Expiry;
			};
			name = Release;
		};
/* End XCBuildConfiguration section */

/* Begin XCConfigurationList section */
		1949E6E6263A28700015B785 /* Build configuration list for PBXProject "Expiry" */ = {
			isa = XCConfigurationList;
			buildConfigurations = (
				1949E713263A28730015B785 /* Debug */,
				1949E714263A28730015B785 /* Release */,
			);
			defaultConfigurationIsVisible = 0;
			defaultConfigurationName = Release;
		};
		1949E715263A28730015B785 /* Build configuration list for PBXNativeTarget "Expiry" */ = {
			isa = XCConfigurationList;
			buildConfigurations = (
				1949E716263A28730015B785 /* Debug */,
				1949E717263A28730015B785 /* Release */,
			);
			defaultConfigurationIsVisible = 0;
			defaultConfigurationName = Release;
		};
		1949E718263A28730015B785 /* Build configuration list for PBXNativeTarget "ExpiryTests" */ = {
			isa = XCConfigurationList;
			buildConfigurations = (
				1949E719263A28730015B785 /* Debug */,
				1949E71A263A28730015B785 /* Release */,
			);
			defaultConfigurationIsVisible = 0;
			defaultConfigurationName = Release;
		};
		1949E71B263A28730015B785 /* Build configuration list for PBXNativeTarget "ExpiryUITests" */ = {
			isa = XCConfigurationList;
			buildConfigurations = (
				1949E71C263A28730015B785 /* Debug */,
				1949E71D263A28730015B785 /* Release */,
			);
			defaultConfigurationIsVisible = 0;
			defaultConfigurationName = Release;
		};
/* End XCConfigurationList section */
	};
	rootObject = 1949E6E3263A28700015B785 /* Project object */;
}
